// !$*UTF8*$!
{
	archiveVersion = 1;
	classes = {
	};
	objectVersion = 46;
	objects = {

/* Begin PBXBuildFile section */
		9AC2103E1F8F6B7F004AB155 /* AppDelegate.swift in Sources */ = {isa = PBXBuildFile; fileRef = 9AC2103D1F8F6B7F004AB155 /* AppDelegate.swift */; };
		9AC210401F8F6B7F004AB155 /* ViewController.swift in Sources */ = {isa = PBXBuildFile; fileRef = 9AC2103F1F8F6B7F004AB155 /* ViewController.swift */; };
		9AC210431F8F6B7F004AB155 /* Main.storyboard in Resources */ = {isa = PBXBuildFile; fileRef = 9AC210411F8F6B7F004AB155 /* Main.storyboard */; };
		9AC210451F8F6B7F004AB155 /* Assets.xcassets in Resources */ = {isa = PBXBuildFile; fileRef = 9AC210441F8F6B7F004AB155 /* Assets.xcassets */; };
		9AC210481F8F6B7F004AB155 /* LaunchScreen.storyboard in Resources */ = {isa = PBXBuildFile; fileRef = 9AC210461F8F6B7F004AB155 /* LaunchScreen.storyboard */; };
		9AC210531F8F6B7F004AB155 /* IndexedTableViewTests.swift in Sources */ = {isa = PBXBuildFile; fileRef = 9AC210521F8F6B7F004AB155 /* IndexedTableViewTests.swift */; };
		9AC2105E1F8F6B7F004AB155 /* IndexedTableViewUITests.swift in Sources */ = {isa = PBXBuildFile; fileRef = 9AC2105D1F8F6B7F004AB155 /* IndexedTableViewUITests.swift */; };
		9AC2106C1F8F6BE8004AB155 /* TableViewController.swift in Sources */ = {isa = PBXBuildFile; fileRef = 9AC2106B1F8F6BE8004AB155 /* TableViewController.swift */; };
/* End PBXBuildFile section */

/* Begin PBXContainerItemProxy section */
		9AC2104F1F8F6B7F004AB155 /* PBXContainerItemProxy */ = {
			isa = PBXContainerItemProxy;
			containerPortal = 9AC210321F8F6B7F004AB155 /* Project object */;
			proxyType = 1;
			remoteGlobalIDString = 9AC210391F8F6B7F004AB155;
			remoteInfo = IndexedTableView;
		};
		9AC2105A1F8F6B7F004AB155 /* PBXContainerItemProxy */ = {
			isa = PBXContainerItemProxy;
			containerPortal = 9AC210321F8F6B7F004AB155 /* Project object */;
			proxyType = 1;
			remoteGlobalIDString = 9AC210391F8F6B7F004AB155;
			remoteInfo = IndexedTableView;
		};
/* End PBXContainerItemProxy section */

/* Begin PBXFileReference section */
		9AC2103A1F8F6B7F004AB155 /* IndexedTableView.app */ = {isa = PBXFileReference; explicitFileType = wrapper.application; includeInIndex = 0; path = IndexedTableView.app; sourceTree = BUILT_PRODUCTS_DIR; };
		9AC2103D1F8F6B7F004AB155 /* AppDelegate.swift */ = {isa = PBXFileReference; lastKnownFileType = sourcecode.swift; path = AppDelegate.swift; sourceTree = "<group>"; };
		9AC2103F1F8F6B7F004AB155 /* ViewController.swift */ = {isa = PBXFileReference; lastKnownFileType = sourcecode.swift; path = ViewController.swift; sourceTree = "<group>"; };
		9AC210421F8F6B7F004AB155 /* Base */ = {isa = PBXFileReference; lastKnownFileType = file.storyboard; name = Base; path = Base.lproj/Main.storyboard; sourceTree = "<group>"; };
		9AC210441F8F6B7F004AB155 /* Assets.xcassets */ = {isa = PBXFileReference; lastKnownFileType = folder.assetcatalog; path = Assets.xcassets; sourceTree = "<group>"; };
		9AC210471F8F6B7F004AB155 /* Base */ = {isa = PBXFileReference; lastKnownFileType = file.storyboard; name = Base; path = Base.lproj/LaunchScreen.storyboard; sourceTree = "<group>"; };
		9AC210491F8F6B7F004AB155 /* Info.plist */ = {isa = PBXFileReference; lastKnownFileType = text.plist.xml; path = Info.plist; sourceTree = "<group>"; };
		9AC2104E1F8F6B7F004AB155 /* IndexedTableViewTests.xctest */ = {isa = PBXFileReference; explicitFileType = wrapper.cfbundle; includeInIndex = 0; path = IndexedTableViewTests.xctest; sourceTree = BUILT_PRODUCTS_DIR; };
		9AC210521F8F6B7F004AB155 /* IndexedTableViewTests.swift */ = {isa = PBXFileReference; lastKnownFileType = sourcecode.swift; path = IndexedTableViewTests.swift; sourceTree = "<group>"; };
		9AC210541F8F6B7F004AB155 /* Info.plist */ = {isa = PBXFileReference; lastKnownFileType = text.plist.xml; path = Info.plist; sourceTree = "<group>"; };
		9AC210591F8F6B7F004AB155 /* IndexedTableViewUITests.xctest */ = {isa = PBXFileReference; explicitFileType = wrapper.cfbundle; includeInIndex = 0; path = IndexedTableViewUITests.xctest; sourceTree = BUILT_PRODUCTS_DIR; };
		9AC2105D1F8F6B7F004AB155 /* IndexedTableViewUITests.swift */ = {isa = PBXFileReference; lastKnownFileType = sourcecode.swift; path = IndexedTableViewUITests.swift; sourceTree = "<group>"; };
		9AC2105F1F8F6B7F004AB155 /* Info.plist */ = {isa = PBXFileReference; lastKnownFileType = text.plist.xml; path = Info.plist; sourceTree = "<group>"; };
		9AC2106B1F8F6BE8004AB155 /* TableViewController.swift */ = {isa = PBXFileReference; fileEncoding = 4; lastKnownFileType = sourcecode.swift; path = TableViewController.swift; sourceTree = "<group>"; };
/* End PBXFileReference section */

/* Begin PBXFrameworksBuildPhase section */
		9AC210371F8F6B7F004AB155 /* Frameworks */ = {
			isa = PBXFrameworksBuildPhase;
			buildActionMask = 2147483647;
			files = (
			);
			runOnlyForDeploymentPostprocessing = 0;
		};
		9AC2104B1F8F6B7F004AB155 /* Frameworks */ = {
			isa = PBXFrameworksBuildPhase;
			buildActionMask = 2147483647;
			files = (
			);
			runOnlyForDeploymentPostprocessing = 0;
		};
		9AC210561F8F6B7F004AB155 /* Frameworks */ = {
			isa = PBXFrameworksBuildPhase;
			buildActionMask = 2147483647;
			files = (
			);
			runOnlyForDeploymentPostprocessing = 0;
		};
/* End PBXFrameworksBuildPhase section */

/* Begin PBXGroup section */
		9AC210311F8F6B7F004AB155 = {
			isa = PBXGroup;
			children = (
				9AC2103C1F8F6B7F004AB155 /* IndexedTableView */,
				9AC210511F8F6B7F004AB155 /* IndexedTableViewTests */,
				9AC2105C1F8F6B7F004AB155 /* IndexedTableViewUITests */,
				9AC2103B1F8F6B7F004AB155 /* Products */,
			);
			sourceTree = "<group>";
		};
		9AC2103B1F8F6B7F004AB155 /* Products */ = {
			isa = PBXGroup;
			children = (
				9AC2103A1F8F6B7F004AB155 /* IndexedTableView.app */,
				9AC2104E1F8F6B7F004AB155 /* IndexedTableViewTests.xctest */,
				9AC210591F8F6B7F004AB155 /* IndexedTableViewUITests.xctest */,
			);
			name = Products;
			sourceTree = "<group>";
		};
		9AC2103C1F8F6B7F004AB155 /* IndexedTableView */ = {
			isa = PBXGroup;
			children = (
				9AC2103D1F8F6B7F004AB155 /* AppDelegate.swift */,
				9AC2103F1F8F6B7F004AB155 /* ViewController.swift */,
				9AC210411F8F6B7F004AB155 /* Main.storyboard */,
				9AC210441F8F6B7F004AB155 /* Assets.xcassets */,
				9AC210461F8F6B7F004AB155 /* LaunchScreen.storyboard */,
				9AC210491F8F6B7F004AB155 /* Info.plist */,
				9AC2106B1F8F6BE8004AB155 /* TableViewController.swift */,
			);
			path = IndexedTableView;
			sourceTree = "<group>";
		};
		9AC210511F8F6B7F004AB155 /* IndexedTableViewTests */ = {
			isa = PBXGroup;
			children = (
				9AC210521F8F6B7F004AB155 /* IndexedTableViewTests.swift */,
				9AC210541F8F6B7F004AB155 /* Info.plist */,
			);
			path = IndexedTableViewTests;
			sourceTree = "<group>";
		};
		9AC2105C1F8F6B7F004AB155 /* IndexedTableViewUITests */ = {
			isa = PBXGroup;
			children = (
				9AC2105D1F8F6B7F004AB155 /* IndexedTableViewUITests.swift */,
				9AC2105F1F8F6B7F004AB155 /* Info.plist */,
			);
			path = IndexedTableViewUITests;
			sourceTree = "<group>";
		};
/* End PBXGroup section */

/* Begin PBXNativeTarget section */
		9AC210391F8F6B7F004AB155 /* IndexedTableView */ = {
			isa = PBXNativeTarget;
			buildConfigurationList = 9AC210621F8F6B7F004AB155 /* Build configuration list for PBXNativeTarget "IndexedTableView" */;
			buildPhases = (
				9AC210361F8F6B7F004AB155 /* Sources */,
				9AC210371F8F6B7F004AB155 /* Frameworks */,
				9AC210381F8F6B7F004AB155 /* Resources */,
			);
			buildRules = (
			);
			dependencies = (
			);
			name = IndexedTableView;
			productName = IndexedTableView;
			productReference = 9AC2103A1F8F6B7F004AB155 /* IndexedTableView.app */;
			productType = "com.apple.product-type.application";
		};
		9AC2104D1F8F6B7F004AB155 /* IndexedTableViewTests */ = {
			isa = PBXNativeTarget;
			buildConfigurationList = 9AC210651F8F6B7F004AB155 /* Build configuration list for PBXNativeTarget "IndexedTableViewTests" */;
			buildPhases = (
				9AC2104A1F8F6B7F004AB155 /* Sources */,
				9AC2104B1F8F6B7F004AB155 /* Frameworks */,
				9AC2104C1F8F6B7F004AB155 /* Resources */,
			);
			buildRules = (
			);
			dependencies = (
				9AC210501F8F6B7F004AB155 /* PBXTargetDependency */,
			);
			name = IndexedTableViewTests;
			productName = IndexedTableViewTests;
			productReference = 9AC2104E1F8F6B7F004AB155 /* IndexedTableViewTests.xctest */;
			productType = "com.apple.product-type.bundle.unit-test";
		};
		9AC210581F8F6B7F004AB155 /* IndexedTableViewUITests */ = {
			isa = PBXNativeTarget;
			buildConfigurationList = 9AC210681F8F6B7F004AB155 /* Build configuration list for PBXNativeTarget "IndexedTableViewUITests" */;
			buildPhases = (
				9AC210551F8F6B7F004AB155 /* Sources */,
				9AC210561F8F6B7F004AB155 /* Frameworks */,
				9AC210571F8F6B7F004AB155 /* Resources */,
			);
			buildRules = (
			);
			dependencies = (
				9AC2105B1F8F6B7F004AB155 /* PBXTargetDependency */,
			);
			name = IndexedTableViewUITests;
			productName = IndexedTableViewUITests;
			productReference = 9AC210591F8F6B7F004AB155 /* IndexedTableViewUITests.xctest */;
			productType = "com.apple.product-type.bundle.ui-testing";
		};
/* End PBXNativeTarget section */

/* Begin PBXProject section */
		9AC210321F8F6B7F004AB155 /* Project object */ = {
			isa = PBXProject;
			attributes = {
				LastSwiftUpdateCheck = 0830;
				LastUpgradeCheck = 0830;
				ORGANIZATIONNAME = "Rizki Syaputra";
				TargetAttributes = {
					9AC210391F8F6B7F004AB155 = {
						CreatedOnToolsVersion = 8.3;
						ProvisioningStyle = Automatic;
					};
					9AC2104D1F8F6B7F004AB155 = {
						CreatedOnToolsVersion = 8.3;
						ProvisioningStyle = Automatic;
						TestTargetID = 9AC210391F8F6B7F004AB155;
					};
					9AC210581F8F6B7F004AB155 = {
						CreatedOnToolsVersion = 8.3;
						ProvisioningStyle = Automatic;
						TestTargetID = 9AC210391F8F6B7F004AB155;
					};
				};
			};
			buildConfigurationList = 9AC210351F8F6B7F004AB155 /* Build configuration list for PBXProject "IndexedTableView" */;
			compatibilityVersion = "Xcode 3.2";
			developmentRegion = English;
			hasScannedForEncodings = 0;
			knownRegions = (
				en,
				Base,
			);
			mainGroup = 9AC210311F8F6B7F004AB155;
			productRefGroup = 9AC2103B1F8F6B7F004AB155 /* Products */;
			projectDirPath = "";
			projectRoot = "";
			targets = (
				9AC210391F8F6B7F004AB155 /* IndexedTableView */,
				9AC2104D1F8F6B7F004AB155 /* IndexedTableViewTests */,
				9AC210581F8F6B7F004AB155 /* IndexedTableViewUITests */,
			);
		};
/* End PBXProject section */

/* Begin PBXResourcesBuildPhase section */
		9AC210381F8F6B7F004AB155 /* Resources */ = {
			isa = PBXResourcesBuildPhase;
			buildActionMask = 2147483647;
			files = (
				9AC210481F8F6B7F004AB155 /* LaunchScreen.storyboard in Resources */,
				9AC210451F8F6B7F004AB155 /* Assets.xcassets in Resources */,
				9AC210431F8F6B7F004AB155 /* Main.storyboard in Resources */,
			);
			runOnlyForDeploymentPostprocessing = 0;
		};
		9AC2104C1F8F6B7F004AB155 /* Resources */ = {
			isa = PBXResourcesBuildPhase;
			buildActionMask = 2147483647;
			files = (
			);
			runOnlyForDeploymentPostprocessing = 0;
		};
		9AC210571F8F6B7F004AB155 /* Resources */ = {
			isa = PBXResourcesBuildPhase;
			buildActionMask = 2147483647;
			files = (
			);
			runOnlyForDeploymentPostprocessing = 0;
		};
/* End PBXResourcesBuildPhase section */

/* Begin PBXSourcesBuildPhase section */
		9AC210361F8F6B7F004AB155 /* Sources */ = {
			isa = PBXSourcesBuildPhase;
			buildActionMask = 2147483647;
			files = (
				9AC210401F8F6B7F004AB155 /* ViewController.swift in Sources */,
				9AC2106C1F8F6BE8004AB155 /* TableViewController.swift in Sources */,
				9AC2103E1F8F6B7F004AB155 /* AppDelegate.swift in Sources */,
			);
			runOnlyForDeploymentPostprocessing = 0;
		};
		9AC2104A1F8F6B7F004AB155 /* Sources */ = {
			isa = PBXSourcesBuildPhase;
			buildActionMask = 2147483647;
			files = (
				9AC210531F8F6B7F004AB155 /* IndexedTableViewTests.swift in Sources */,
			);
			runOnlyForDeploymentPostprocessing = 0;
		};
		9AC210551F8F6B7F004AB155 /* Sources */ = {
			isa = PBXSourcesBuildPhase;
			buildActionMask = 2147483647;
			files = (
				9AC2105E1F8F6B7F004AB155 /* IndexedTableViewUITests.swift in Sources */,
			);
			runOnlyForDeploymentPostprocessing = 0;
		};
/* End PBXSourcesBuildPhase section */

/* Begin PBXTargetDependency section */
		9AC210501F8F6B7F004AB155 /* PBXTargetDependency */ = {
			isa = PBXTargetDependency;
			target = 9AC210391F8F6B7F004AB155 /* IndexedTableView */;
			targetProxy = 9AC2104F1F8F6B7F004AB155 /* PBXContainerItemProxy */;
		};
		9AC2105B1F8F6B7F004AB155 /* PBXTargetDependency */ = {
			isa = PBXTargetDependency;
			target = 9AC210391F8F6B7F004AB155 /* IndexedTableView */;
			targetProxy = 9AC2105A1F8F6B7F004AB155 /* PBXContainerItemProxy */;
		};
/* End PBXTargetDependency section */

/* Begin PBXVariantGroup section */
		9AC210411F8F6B7F004AB155 /* Main.storyboard */ = {
			isa = PBXVariantGroup;
			children = (
				9AC210421F8F6B7F004AB155 /* Base */,
			);
			name = Main.storyboard;
			sourceTree = "<group>";
		};
		9AC210461F8F6B7F004AB155 /* LaunchScreen.storyboard */ = {
			isa = PBXVariantGroup;
			children = (
				9AC210471F8F6B7F004AB155 /* Base */,
			);
			name = LaunchScreen.storyboard;
			sourceTree = "<group>";
		};
/* End PBXVariantGroup section */

/* Begin XCBuildConfiguration section */
		9AC210601F8F6B7F004AB155 /* Debug */ = {
			isa = XCBuildConfiguration;
			buildSettings = {
				ALWAYS_SEARCH_USER_PATHS = NO;
				CLANG_ANALYZER_NONNULL = YES;
				CLANG_ANALYZER_NUMBER_OBJECT_CONVERSION = YES_AGGRESSIVE;
				CLANG_CXX_LANGUAGE_STANDARD = "gnu++0x";
				CLANG_CXX_LIBRARY = "libc++";
				CLANG_ENABLE_MODULES = YES;
				CLANG_ENABLE_OBJC_ARC = YES;
				CLANG_WARN_BOOL_CONVERSION = YES;
				CLANG_WARN_CONSTANT_CONVERSION = YES;
				CLANG_WARN_DIRECT_OBJC_ISA_USAGE = YES_ERROR;
				CLANG_WARN_DOCUMENTATION_COMMENTS = YES;
				CLANG_WARN_EMPTY_BODY = YES;
				CLANG_WARN_ENUM_CONVERSION = YES;
				CLANG_WARN_INFINITE_RECURSION = YES;
				CLANG_WARN_INT_CONVERSION = YES;
				CLANG_WARN_OBJC_ROOT_CLASS = YES_ERROR;
				CLANG_WARN_SUSPICIOUS_MOVE = YES;
				CLANG_WARN_UNREACHABLE_CODE = YES;
				CLANG_WARN__DUPLICATE_METHOD_MATCH = YES;
				"CODE_SIGN_IDENTITY[sdk=iphoneos*]" = "iPhone Developer";
				COPY_PHASE_STRIP = NO;
				DEBUG_INFORMATION_FORMAT = dwarf;
				ENABLE_STRICT_OBJC_MSGSEND = YES;
				ENABLE_TESTABILITY = YES;
				GCC_C_LANGUAGE_STANDARD = gnu99;
				GCC_DYNAMIC_NO_PIC = NO;
				GCC_NO_COMMON_BLOCKS = YES;
				GCC_OPTIMIZATION_LEVEL = 0;
				GCC_PREPROCESSOR_DEFINITIONS = (
					"DEBUG=1",
					"$(inherited)",
				);
				GCC_WARN_64_TO_32_BIT_CONVERSION = YES;
				GCC_WARN_ABOUT_RETURN_TYPE = YES_ERROR;
				GCC_WARN_UNDECLARED_SELECTOR = YES;
				GCC_WARN_UNINITIALIZED_AUTOS = YES_AGGRESSIVE;
				GCC_WARN_UNUSED_FUNCTION = YES;
				GCC_WARN_UNUSED_VARIABLE = YES;
				IPHONEOS_DEPLOYMENT_TARGET = 10.3;
				MTL_ENABLE_DEBUG_INFO = YES;
				ONLY_ACTIVE_ARCH = YES;
				SDKROOT = iphoneos;
				SWIFT_ACTIVE_COMPILATION_CONDITIONS = DEBUG;
				SWIFT_OPTIMIZATION_LEVEL = "-Onone";
				TARGETED_DEVICE_FAMILY = "1,2";
			};
			name = Debug;
		};
		9AC210611F8F6B7F004AB155 /* Release */ = {
			isa = XCBuildConfiguration;
			buildSettings = {
				ALWAYS_SEARCH_USER_PATHS = NO;
				CLANG_ANALYZER_NONNULL = YES;
				CLANG_ANALYZER_NUMBER_OBJECT_CONVERSION = YES_AGGRESSIVE;
				CLANG_CXX_LANGUAGE_STANDARD = "gnu++0x";
				CLANG_CXX_LIBRARY = "libc++";
				CLANG_ENABLE_MODULES = YES;
				CLANG_ENABLE_OBJC_ARC = YES;
				CLANG_WARN_BOOL_CONVERSION = YES;
				CLANG_WARN_CONSTANT_CONVERSION = YES;
				CLANG_WARN_DIRECT_OBJC_ISA_USAGE = YES_ERROR;
				CLANG_WARN_DOCUMENTATION_COMMENTS = YES;
				CLANG_WARN_EMPTY_BODY = YES;
				CLANG_WARN_ENUM_CONVERSION = YES;
				CLANG_WARN_INFINITE_RECURSION = YES;
				CLANG_WARN_INT_CONVERSION = YES;
				CLANG_WARN_OBJC_ROOT_CLASS = YES_ERROR;
				CLANG_WARN_SUSPICIOUS_MOVE = YES;
				CLANG_WARN_UNREACHABLE_CODE = YES;
				CLANG_WARN__DUPLICATE_METHOD_MATCH = YES;
				"CODE_SIGN_IDENTITY[sdk=iphoneos*]" = "iPhone Developer";
				COPY_PHASE_STRIP = NO;
				DEBUG_INFORMATION_FORMAT = "dwarf-with-dsym";
				ENABLE_NS_ASSERTIONS = NO;
				ENABLE_STRICT_OBJC_MSGSEND = YES;
				GCC_C_LANGUAGE_STANDARD = gnu99;
				GCC_NO_COMMON_BLOCKS = YES;
				GCC_WARN_64_TO_32_BIT_CONVERSION = YES;
				GCC_WARN_ABOUT_RETURN_TYPE = YES_ERROR;
				GCC_WARN_UNDECLARED_SELECTOR = YES;
				GCC_WARN_UNINITIALIZED_AUTOS = YES_AGGRESSIVE;
				GCC_WARN_UNUSED_FUNCTION = YES;
				GCC_WARN_UNUSED_VARIABLE = YES;
				IPHONEOS_DEPLOYMENT_TARGET = 10.3;
				MTL_ENABLE_DEBUG_INFO = NO;
				SDKROOT = iphoneos;
				SWIFT_OPTIMIZATION_LEVEL = "-Owholemodule";
				TARGETED_DEVICE_FAMILY = "1,2";
				VALIDATE_PRODUCT = YES;
			};
			name = Release;
		};
		9AC210631F8F6B7F004AB155 /* Debug */ = {
			isa = XCBuildConfiguration;
			buildSettings = {
				ASSETCATALOG_COMPILER_APPICON_NAME = AppIcon;
				INFOPLIST_FILE = IndexedTableView/Info.plist;
				LD_RUNPATH_SEARCH_PATHS = "$(inherited) @executable_path/Frameworks";
				PRODUCT_BUNDLE_IDENTIFIER = programmermuslim.IndexedTableView;
				PRODUCT_NAME = "$(TARGET_NAME)";
				SWIFT_VERSION = 3.0;
			};
			name = Debug;
		};
		9AC210641F8F6B7F004AB155 /* Release */ = {
			isa = XCBuildConfiguration;
			buildSettings = {
				ASSETCATALOG_COMPILER_APPICON_NAME = AppIcon;
				INFOPLIST_FILE = IndexedTableView/Info.plist;
				LD_RUNPATH_SEARCH_PATHS = "$(inherited) @executable_path/Frameworks";
				PRODUCT_BUNDLE_IDENTIFIER = programmermuslim.IndexedTableView;
				PRODUCT_NAME = "$(TARGET_NAME)";
				SWIFT_VERSION = 3.0;
			};
			name = Release;
		};
		9AC210661F8F6B7F004AB155 /* Debug */ = {
			isa = XCBuildConfiguration;
			buildSettings = {
				ALWAYS_EMBED_SWIFT_STANDARD_LIBRARIES = YES;
				BUNDLE_LOADER = "$(TEST_HOST)";
				INFOPLIST_FILE = IndexedTableViewTests/Info.plist;
				LD_RUNPATH_SEARCH_PATHS = "$(inherited) @executable_path/Frameworks @loader_path/Frameworks";
				PRODUCT_BUNDLE_IDENTIFIER = programmermuslim.IndexedTableViewTests;
				PRODUCT_NAME = "$(TARGET_NAME)";
				SWIFT_VERSION = 3.0;
				TEST_HOST = "$(BUILT_PRODUCTS_DIR)/IndexedTableView.app/IndexedTableView";
			};
			name = Debug;
		};
		9AC210671F8F6B7F004AB155 /* Release */ = {
			isa = XCBuildConfiguration;
			buildSettings = {
				ALWAYS_EMBED_SWIFT_STANDARD_LIBRARIES = YES;
				BUNDLE_LOADER = "$(TEST_HOST)";
				INFOPLIST_FILE = IndexedTableViewTests/Info.plist;
				LD_RUNPATH_SEARCH_PATHS = "$(inherited) @executable_path/Frameworks @loader_path/Frameworks";
				PRODUCT_BUNDLE_IDENTIFIER = programmermuslim.IndexedTableViewTests;
				PRODUCT_NAME = "$(TARGET_NAME)";
				SWIFT_VERSION = 3.0;
				TEST_HOST = "$(BUILT_PRODUCTS_DIR)/IndexedTableView.app/IndexedTableView";
			};
			name = Release;
		};
		9AC210691F8F6B7F004AB155 /* Debug */ = {
			isa = XCBuildConfiguration;
			buildSettings = {
				ALWAYS_EMBED_SWIFT_STANDARD_LIBRARIES = YES;
				INFOPLIST_FILE = IndexedTableViewUITests/Info.plist;
				LD_RUNPATH_SEARCH_PATHS = "$(inherited) @executable_path/Frameworks @loader_path/Frameworks";
				PRODUCT_BUNDLE_IDENTIFIER = programmermuslim.IndexedTableViewUITests;
				PRODUCT_NAME = "$(TARGET_NAME)";
				SWIFT_VERSION = 3.0;
				TEST_TARGET_NAME = IndexedTableView;
			};
			name = Debug;
		};
		9AC2106A1F8F6B7F004AB155 /* Release */ = {
			isa = XCBuildConfiguration;
			buildSettings = {
				ALWAYS_EMBED_SWIFT_STANDARD_LIBRARIES = YES;
				INFOPLIST_FILE = IndexedTableViewUITests/Info.plist;
				LD_RUNPATH_SEARCH_PATHS = "$(inherited) @executable_path/Frameworks @loader_path/Frameworks";
				PRODUCT_BUNDLE_IDENTIFIER = programmermuslim.IndexedTableViewUITests;
				PRODUCT_NAME = "$(TARGET_NAME)";
				SWIFT_VERSION = 3.0;
				TEST_TARGET_NAME = IndexedTableView;
			};
			name = Release;
		};
/* End XCBuildConfiguration section */

/* Begin XCConfigurationList section */
		9AC210351F8F6B7F004AB155 /* Build configuration list for PBXProject "IndexedTableView" */ = {
			isa = XCConfigurationList;
			buildConfigurations = (
				9AC210601F8F6B7F004AB155 /* Debug */,
				9AC210611F8F6B7F004AB155 /* Release */,
			);
			defaultConfigurationIsVisible = 0;
			defaultConfigurationName = Release;
		};
		9AC210621F8F6B7F004AB155 /* Build configuration list for PBXNativeTarget "IndexedTableView" */ = {
			isa = XCConfigurationList;
			buildConfigurations = (
				9AC210631F8F6B7F004AB155 /* Debug */,
				9AC210641F8F6B7F004AB155 /* Release */,
			);
			defaultConfigurationIsVisible = 0;
		};
		9AC210651F8F6B7F004AB155 /* Build configuration list for PBXNativeTarget "IndexedTableViewTests" */ = {
			isa = XCConfigurationList;
			buildConfigurations = (
				9AC210661F8F6B7F004AB155 /* Debug */,
				9AC210671F8F6B7F004AB155 /* Release */,
			);
			defaultConfigurationIsVisible = 0;
		};
		9AC210681F8F6B7F004AB155 /* Build configuration list for PBXNativeTarget "IndexedTableViewUITests" */ = {
			isa = XCConfigurationList;
			buildConfigurations = (
				9AC210691F8F6B7F004AB155 /* Debug */,
				9AC2106A1F8F6B7F004AB155 /* Release */,
			);
			defaultConfigurationIsVisible = 0;
		};
/* End XCConfigurationList section */
	};
	rootObject = 9AC210321F8F6B7F004AB155 /* Project object */;
}
